
Microsoft Visual Studio Solution File, Format Version 12.00
Project("{FAE04EC0-301F-11D3-BF4B-00C04F79EFBC}") = "Boilerplate.Repository", "Boilerplate.Repository\Boilerplate.Repository.csproj", "{BB4EACCE-D35A-45C4-ABB7-51CD3AE985B9}"
EndProject
Global
	GlobalSection(SolutionConfigurationPlatforms) = preSolution
		Debug|Any CPU = Debug|Any CPU
		Release|Any CPU = Release|Any CPU
	EndGlobalSection
	GlobalSection(ProjectConfigurationPlatforms) = postSolution
		{BB4EACCE-D35A-45C4-ABB7-51CD3AE985B9}.Debug|Any CPU.ActiveCfg = Debug|Any CPU
		{BB4EACCE-D35A-45C4-ABB7-51CD3AE985B9}.Debug|Any CPU.Build.0 = Debug|Any CPU
		{BB4EACCE-D35A-45C4-ABB7-51CD3AE985B9}.Release|Any CPU.ActiveCfg = Release|Any CPU
		{BB4EACCE-D35A-45C4-ABB7-51CD3AE985B9}.Release|Any CPU.Build.0 = Release|Any CPU
	EndGlobalSection
EndGlobal
